
Microsoft Visual Studio Solution File, Format Version 12.00
# Visual Studio Version 16
VisualStudioVersion = 16.0.31205.134
MinimumVisualStudioVersion = 10.0.40219.1
Project("{9A19103F-16F7-4668-BE54-9A1E7A4F7556}") = "CapaPresentacion", "Atidex\CapaPresentacion.csproj", "{164440E3-3D37-42B2-9CBA-8EABF55CB5D2}"
EndProject
Project("{FAE04EC0-301F-11D3-BF4B-00C04F79EFBC}") = "CapaDeDatos", "CapaDeDatos\CapaDeDatos.csproj", "{2A176C69-9050-44E4-BC58-CF241475C2FF}"
EndProject
Project("{FAE04EC0-301F-11D3-BF4B-00C04F79EFBC}") = "CapaDeNegocio", "CapaDeNegocio\CapaDeNegocio.csproj", "{6AD941F9-9CD0-4D25-88E4-EC4DA7AAEFF9}"
EndProject
Global
	GlobalSection(SolutionConfigurationPlatforms) = preSolution
		Debug|Any CPU = Debug|Any CPU
		Release|Any CPU = Release|Any CPU
	EndGlobalSection
	GlobalSection(ProjectConfigurationPlatforms) = postSolution
		{164440E3-3D37-42B2-9CBA-8EABF55CB5D2}.Debug|Any CPU.ActiveCfg = Debug|Any CPU
		{164440E3-3D37-42B2-9CBA-8EABF55CB5D2}.Debug|Any CPU.Build.0 = Debug|Any CPU
		{164440E3-3D37-42B2-9CBA-8EABF55CB5D2}.Release|Any CPU.ActiveCfg = Release|Any CPU
		{164440E3-3D37-42B2-9CBA-8EABF55CB5D2}.Release|Any CPU.Build.0 = Release|Any CPU
		{2A176C69-9050-44E4-BC58-CF241475C2FF}.Debug|Any CPU.ActiveCfg = Debug|Any CPU
		{2A176C69-9050-44E4-BC58-CF241475C2FF}.Debug|Any CPU.Build.0 = Debug|Any CPU
		{2A176C69-9050-44E4-BC58-CF241475C2FF}.Release|Any CPU.ActiveCfg = Release|Any CPU
		{2A176C69-9050-44E4-BC58-CF241475C2FF}.Release|Any CPU.Build.0 = Release|Any CPU
		{6AD941F9-9CD0-4D25-88E4-EC4DA7AAEFF9}.Debug|Any CPU.ActiveCfg = Debug|Any CPU
		{6AD941F9-9CD0-4D25-88E4-EC4DA7AAEFF9}.Debug|Any CPU.Build.0 = Debug|Any CPU
		{6AD941F9-9CD0-4D25-88E4-EC4DA7AAEFF9}.Release|Any CPU.ActiveCfg = Release|Any CPU
		{6AD941F9-9CD0-4D25-88E4-EC4DA7AAEFF9}.Release|Any CPU.Build.0 = Release|Any CPU
	EndGlobalSection
	GlobalSection(SolutionProperties) = preSolution
		HideSolutionNode = FALSE
	EndGlobalSection
	GlobalSection(ExtensibilityGlobals) = postSolution
		SolutionGuid = {43D98137-9BCB-46A5-B5CE-9009E0C128F1}
	EndGlobalSection
EndGlobal
